
Microsoft Visual Studio Solution File, Format Version 12.00
# Visual Studio Version 17
VisualStudioVersion = 17.0.31903.59
MinimumVisualStudioVersion = 10.0.40219.1
Project("{9A19103F-16F7-4668-BE54-9A1E7A4F7556}") = "ConfigAdapter.Core", "ConfigAdapter.Core\ConfigAdapter.Core.csproj", "{9B708B75-CF31-4111-910E-F12E2AEC8EBF}"
EndProject
Project("{9A19103F-16F7-4668-BE54-9A1E7A4F7556}") = "ConfigAdapter.Test", "ConfigAdapter.Test\ConfigAdapter.Test.csproj", "{05F74E4C-B21F-426A-BE3C-47807F42617F}"
EndProject
Project("{9A19103F-16F7-4668-BE54-9A1E7A4F7556}") = "ConfigAdapter.Xml", "ConfigAdapter.Xml\ConfigAdapter.Xml.csproj", "{E49881E5-BB93-4BD9-9B00-4FAE243B9E53}"
EndProject
Project("{FAE04EC0-301F-11D3-BF4B-00C04F79EFBC}") = "ConfigAdapter.Yaml", "ConfigAdapter.Yaml\ConfigAdapter.Yaml.csproj", "{9C26CD61-2EE0-408D-8963-D68923F551A8}"
EndProject
Global
	GlobalSection(SolutionConfigurationPlatforms) = preSolution
		Debug|Any CPU = Debug|Any CPU
		Release|Any CPU = Release|Any CPU
	EndGlobalSection
	GlobalSection(ProjectConfigurationPlatforms) = postSolution
		{9B708B75-CF31-4111-910E-F12E2AEC8EBF}.Debug|Any CPU.ActiveCfg = Debug|Any CPU
		{9B708B75-CF31-4111-910E-F12E2AEC8EBF}.Debug|Any CPU.Build.0 = Debug|Any CPU
		{9B708B75-CF31-4111-910E-F12E2AEC8EBF}.Release|Any CPU.ActiveCfg = Release|Any CPU
		{9B708B75-CF31-4111-910E-F12E2AEC8EBF}.Release|Any CPU.Build.0 = Release|Any CPU
		{05F74E4C-B21F-426A-BE3C-47807F42617F}.Debug|Any CPU.ActiveCfg = Debug|Any CPU
		{05F74E4C-B21F-426A-BE3C-47807F42617F}.Debug|Any CPU.Build.0 = Debug|Any CPU
		{05F74E4C-B21F-426A-BE3C-47807F42617F}.Release|Any CPU.ActiveCfg = Release|Any CPU
		{05F74E4C-B21F-426A-BE3C-47807F42617F}.Release|Any CPU.Build.0 = Release|Any CPU
		{E49881E5-BB93-4BD9-9B00-4FAE243B9E53}.Debug|Any CPU.ActiveCfg = Debug|Any CPU
		{E49881E5-BB93-4BD9-9B00-4FAE243B9E53}.Debug|Any CPU.Build.0 = Debug|Any CPU
		{E49881E5-BB93-4BD9-9B00-4FAE243B9E53}.Release|Any CPU.ActiveCfg = Release|Any CPU
		{E49881E5-BB93-4BD9-9B00-4FAE243B9E53}.Release|Any CPU.Build.0 = Release|Any CPU
		{9C26CD61-2EE0-408D-8963-D68923F551A8}.Debug|Any CPU.ActiveCfg = Debug|Any CPU
		{9C26CD61-2EE0-408D-8963-D68923F551A8}.Debug|Any CPU.Build.0 = Debug|Any CPU
		{9C26CD61-2EE0-408D-8963-D68923F551A8}.Release|Any CPU.ActiveCfg = Release|Any CPU
		{9C26CD61-2EE0-408D-8963-D68923F551A8}.Release|Any CPU.Build.0 = Release|Any CPU
	EndGlobalSection
	GlobalSection(SolutionProperties) = preSolution
		HideSolutionNode = FALSE
	EndGlobalSection
	GlobalSection(ExtensibilityGlobals) = postSolution
		SolutionGuid = {B94789BA-027E-4956-872D-4C8E020CD42B}
	EndGlobalSection
EndGlobal
